// !$*UTF8*$!
{
	archiveVersion = 1;
	classes = {
	};
	objectVersion = 51;
	objects = {

/* Begin PBXBuildFile section */
		366A96C925D15A44005A6E87 /* MovieCell.swift in Sources */ = {isa = PBXBuildFile; fileRef = 366A96C825D15A44005A6E87 /* MovieCell.swift */; };
		366A96D625D174C0005A6E87 /* Keys.swift in Sources */ = {isa = PBXBuildFile; fileRef = 366A96D525D174C0005A6E87 /* Keys.swift */; };
		366A96D925D183E9005A6E87 /* Helpers.swift in Sources */ = {isa = PBXBuildFile; fileRef = 366A96D825D183E9005A6E87 /* Helpers.swift */; };
		366A96DC25D18885005A6E87 /* Movies.json in Resources */ = {isa = PBXBuildFile; fileRef = 366A96DB25D18885005A6E87 /* Movies.json */; };
		366A96E825D1C003005A6E87 /* MovieInfoViewController.swift in Sources */ = {isa = PBXBuildFile; fileRef = 366A96E725D1C003005A6E87 /* MovieInfoViewController.swift */; };
		366A971825D1E837005A6E87 /* Movie.swift in Sources */ = {isa = PBXBuildFile; fileRef = 366A971725D1E837005A6E87 /* Movie.swift */; };
		366A971D25D1E891005A6E87 /* MovieDate.swift in Sources */ = {isa = PBXBuildFile; fileRef = 366A971A25D1E890005A6E87 /* MovieDate.swift */; };
		366A971E25D1E891005A6E87 /* MovieResult.swift in Sources */ = {isa = PBXBuildFile; fileRef = 366A971B25D1E890005A6E87 /* MovieResult.swift */; };
		366A971F25D1E891005A6E87 /* MovieRootClass.swift in Sources */ = {isa = PBXBuildFile; fileRef = 366A971C25D1E891005A6E87 /* MovieRootClass.swift */; };
		366A972225D20819005A6E87 /* MovieCellSelected.swift in Sources */ = {isa = PBXBuildFile; fileRef = 366A972125D20819005A6E87 /* MovieCellSelected.swift */; };
		366A972525D20AD4005A6E87 /* BookingListCell.swift in Sources */ = {isa = PBXBuildFile; fileRef = 366A972425D20AD4005A6E87 /* BookingListCell.swift */; };
		D4CFBA0725CE664800423E61 /* AppDelegate.swift in Sources */ = {isa = PBXBuildFile; fileRef = D4CFBA0625CE664800423E61 /* AppDelegate.swift */; };
		D4CFBA0925CE664800423E61 /* SceneDelegate.swift in Sources */ = {isa = PBXBuildFile; fileRef = D4CFBA0825CE664800423E61 /* SceneDelegate.swift */; };
		D4CFBA0E25CE664800423E61 /* Main.storyboard in Resources */ = {isa = PBXBuildFile; fileRef = D4CFBA0C25CE664800423E61 /* Main.storyboard */; };
		D4CFBA1025CE664A00423E61 /* Assets.xcassets in Resources */ = {isa = PBXBuildFile; fileRef = D4CFBA0F25CE664A00423E61 /* Assets.xcassets */; };
		D4CFBA1325CE664A00423E61 /* LaunchScreen.storyboard in Resources */ = {isa = PBXBuildFile; fileRef = D4CFBA1125CE664A00423E61 /* LaunchScreen.storyboard */; };
		D4CFBA1D25CE683900423E61 /* MoviesViewController.swift in Sources */ = {isa = PBXBuildFile; fileRef = D4CFBA1C25CE683900423E61 /* MoviesViewController.swift */; };
		D4CFBA2025CE68F200423E61 /* SearchViewController.swift in Sources */ = {isa = PBXBuildFile; fileRef = D4CFBA1F25CE68F200423E61 /* SearchViewController.swift */; };
		D4CFBA2225CE696500423E61 /* BookingListTableViewController.swift in Sources */ = {isa = PBXBuildFile; fileRef = D4CFBA2125CE696500423E61 /* BookingListTableViewController.swift */; };
		D4CFBA2425CE69A000423E61 /* SignInViewController.swift in Sources */ = {isa = PBXBuildFile; fileRef = D4CFBA2325CE69A000423E61 /* SignInViewController.swift */; };
		D4CFBA2625CE69D300423E61 /* SignUpViewController.swift in Sources */ = {isa = PBXBuildFile; fileRef = D4CFBA2525CE69D300423E61 /* SignUpViewController.swift */; };
		DF34B408EF3080BCFB14CCFD /* Pods_MovieTicketBooking.framework in Frameworks */ = {isa = PBXBuildFile; fileRef = 6F7EB8544566735D616BBFB2 /* Pods_MovieTicketBooking.framework */; };
		FDA94DFA25CF9350009F8789 /* ProfileViewController.swift in Sources */ = {isa = PBXBuildFile; fileRef = FDA94DF925CF9350009F8789 /* ProfileViewController.swift */; };
		FDA94DFD25CF93FC009F8789 /* TabBarViewController.swift in Sources */ = {isa = PBXBuildFile; fileRef = FDA94DFC25CF93FC009F8789 /* TabBarViewController.swift */; };
/* End PBXBuildFile section */

/* Begin PBXFileReference section */
		366A96C825D15A44005A6E87 /* MovieCell.swift */ = {isa = PBXFileReference; lastKnownFileType = sourcecode.swift; path = MovieCell.swift; sourceTree = "<group>"; };
		366A96D525D174C0005A6E87 /* Keys.swift */ = {isa = PBXFileReference; lastKnownFileType = sourcecode.swift; path = Keys.swift; sourceTree = "<group>"; };
		366A96D825D183E9005A6E87 /* Helpers.swift */ = {isa = PBXFileReference; lastKnownFileType = sourcecode.swift; path = Helpers.swift; sourceTree = "<group>"; };
		366A96DB25D18885005A6E87 /* Movies.json */ = {isa = PBXFileReference; fileEncoding = 4; lastKnownFileType = text.json; path = Movies.json; sourceTree = "<group>"; };
		366A96E725D1C003005A6E87 /* MovieInfoViewController.swift */ = {isa = PBXFileReference; lastKnownFileType = sourcecode.swift; path = MovieInfoViewController.swift; sourceTree = "<group>"; };
		366A971725D1E837005A6E87 /* Movie.swift */ = {isa = PBXFileReference; fileEncoding = 4; lastKnownFileType = sourcecode.swift; path = Movie.swift; sourceTree = "<group>"; };
		366A971A25D1E890005A6E87 /* MovieDate.swift */ = {isa = PBXFileReference; fileEncoding = 4; lastKnownFileType = sourcecode.swift; path = MovieDate.swift; sourceTree = "<group>"; };
		366A971B25D1E890005A6E87 /* MovieResult.swift */ = {isa = PBXFileReference; fileEncoding = 4; lastKnownFileType = sourcecode.swift; path = MovieResult.swift; sourceTree = "<group>"; };
		366A971C25D1E891005A6E87 /* MovieRootClass.swift */ = {isa = PBXFileReference; fileEncoding = 4; lastKnownFileType = sourcecode.swift; path = MovieRootClass.swift; sourceTree = "<group>"; };
		366A972125D20819005A6E87 /* MovieCellSelected.swift */ = {isa = PBXFileReference; lastKnownFileType = sourcecode.swift; path = MovieCellSelected.swift; sourceTree = "<group>"; };
		366A972425D20AD4005A6E87 /* BookingListCell.swift */ = {isa = PBXFileReference; lastKnownFileType = sourcecode.swift; path = BookingListCell.swift; sourceTree = "<group>"; };
		6F7EB8544566735D616BBFB2 /* Pods_MovieTicketBooking.framework */ = {isa = PBXFileReference; explicitFileType = wrapper.framework; includeInIndex = 0; path = Pods_MovieTicketBooking.framework; sourceTree = BUILT_PRODUCTS_DIR; };
		6FC95E784BAE8499D81E05D6 /* Pods-MovieTicketBooking.release.xcconfig */ = {isa = PBXFileReference; includeInIndex = 1; lastKnownFileType = text.xcconfig; name = "Pods-MovieTicketBooking.release.xcconfig"; path = "Target Support Files/Pods-MovieTicketBooking/Pods-MovieTicketBooking.release.xcconfig"; sourceTree = "<group>"; };
		8C08E45CAE0A20DD1D430701 /* Pods-MovieTicketBooking.debug.xcconfig */ = {isa = PBXFileReference; includeInIndex = 1; lastKnownFileType = text.xcconfig; name = "Pods-MovieTicketBooking.debug.xcconfig"; path = "Target Support Files/Pods-MovieTicketBooking/Pods-MovieTicketBooking.debug.xcconfig"; sourceTree = "<group>"; };
		D4CFBA0325CE664800423E61 /* MovieTicketBooking.app */ = {isa = PBXFileReference; explicitFileType = wrapper.application; includeInIndex = 0; path = MovieTicketBooking.app; sourceTree = BUILT_PRODUCTS_DIR; };
		D4CFBA0625CE664800423E61 /* AppDelegate.swift */ = {isa = PBXFileReference; lastKnownFileType = sourcecode.swift; path = AppDelegate.swift; sourceTree = "<group>"; };
		D4CFBA0825CE664800423E61 /* SceneDelegate.swift */ = {isa = PBXFileReference; lastKnownFileType = sourcecode.swift; path = SceneDelegate.swift; sourceTree = "<group>"; };
		D4CFBA0D25CE664800423E61 /* Base */ = {isa = PBXFileReference; lastKnownFileType = file.storyboard; name = Base; path = Base.lproj/Main.storyboard; sourceTree = "<group>"; };
		D4CFBA0F25CE664A00423E61 /* Assets.xcassets */ = {isa = PBXFileReference; lastKnownFileType = folder.assetcatalog; path = Assets.xcassets; sourceTree = "<group>"; };
		D4CFBA1225CE664A00423E61 /* Base */ = {isa = PBXFileReference; lastKnownFileType = file.storyboard; name = Base; path = Base.lproj/LaunchScreen.storyboard; sourceTree = "<group>"; };
		D4CFBA1425CE664A00423E61 /* Info.plist */ = {isa = PBXFileReference; lastKnownFileType = text.plist.xml; path = Info.plist; sourceTree = "<group>"; };
		D4CFBA1C25CE683900423E61 /* MoviesViewController.swift */ = {isa = PBXFileReference; lastKnownFileType = sourcecode.swift; name = MoviesViewController.swift; path = ../MoviesViewController.swift; sourceTree = "<group>"; };
		D4CFBA1F25CE68F200423E61 /* SearchViewController.swift */ = {isa = PBXFileReference; lastKnownFileType = sourcecode.swift; path = SearchViewController.swift; sourceTree = "<group>"; };
		D4CFBA2125CE696500423E61 /* BookingListTableViewController.swift */ = {isa = PBXFileReference; lastKnownFileType = sourcecode.swift; path = BookingListTableViewController.swift; sourceTree = "<group>"; };
		D4CFBA2325CE69A000423E61 /* SignInViewController.swift */ = {isa = PBXFileReference; lastKnownFileType = sourcecode.swift; path = SignInViewController.swift; sourceTree = "<group>"; };
		D4CFBA2525CE69D300423E61 /* SignUpViewController.swift */ = {isa = PBXFileReference; lastKnownFileType = sourcecode.swift; path = SignUpViewController.swift; sourceTree = "<group>"; };
		FDA94DF925CF9350009F8789 /* ProfileViewController.swift */ = {isa = PBXFileReference; lastKnownFileType = sourcecode.swift; path = ProfileViewController.swift; sourceTree = "<group>"; };
		FDA94DFC25CF93FC009F8789 /* TabBarViewController.swift */ = {isa = PBXFileReference; lastKnownFileType = sourcecode.swift; path = TabBarViewController.swift; sourceTree = "<group>"; };
/* End PBXFileReference section */

/* Begin PBXFrameworksBuildPhase section */
		D4CFBA0025CE664800423E61 /* Frameworks */ = {
			isa = PBXFrameworksBuildPhase;
			buildActionMask = 2147483647;
			files = (
				DF34B408EF3080BCFB14CCFD /* Pods_MovieTicketBooking.framework in Frameworks */,
			);
			runOnlyForDeploymentPostprocessing = 0;
		};
/* End PBXFrameworksBuildPhase section */

/* Begin PBXGroup section */
		21D4B0B1EC01D04F807EC219 /* Pods */ = {
			isa = PBXGroup;
			children = (
				8C08E45CAE0A20DD1D430701 /* Pods-MovieTicketBooking.debug.xcconfig */,
				6FC95E784BAE8499D81E05D6 /* Pods-MovieTicketBooking.release.xcconfig */,
			);
			path = Pods;
			sourceTree = "<group>";
		};
		366A96C025D14DFE005A6E87 /* Views */ = {
			isa = PBXGroup;
			children = (
				366A96C825D15A44005A6E87 /* MovieCell.swift */,
				366A972125D20819005A6E87 /* MovieCellSelected.swift */,
				366A972425D20AD4005A6E87 /* BookingListCell.swift */,
			);
			path = Views;
			sourceTree = "<group>";
		};
		366A96D025D17310005A6E87 /* Model */ = {
			isa = PBXGroup;
			children = (
				366A971A25D1E890005A6E87 /* MovieDate.swift */,
				366A971B25D1E890005A6E87 /* MovieResult.swift */,
				366A971C25D1E891005A6E87 /* MovieRootClass.swift */,
				366A971725D1E837005A6E87 /* Movie.swift */,
			);
			path = Model;
			sourceTree = "<group>";
		};
		D4CFB9FA25CE664800423E61 = {
			isa = PBXGroup;
			children = (
				D4CFBA0525CE664800423E61 /* MovieTicketBooking */,
				D4CFBA0425CE664800423E61 /* Products */,
				21D4B0B1EC01D04F807EC219 /* Pods */,
				FB4E0470B419C985B5C2C4DD /* Frameworks */,
			);
			sourceTree = "<group>";
		};
		D4CFBA0425CE664800423E61 /* Products */ = {
			isa = PBXGroup;
			children = (
				D4CFBA0325CE664800423E61 /* MovieTicketBooking.app */,
			);
			name = Products;
			sourceTree = "<group>";
		};
		D4CFBA0525CE664800423E61 /* MovieTicketBooking */ = {
			isa = PBXGroup;
			children = (
				366A96D025D17310005A6E87 /* Model */,
				366A96C025D14DFE005A6E87 /* Views */,
				D4CFBA0625CE664800423E61 /* AppDelegate.swift */,
				D4CFBA0825CE664800423E61 /* SceneDelegate.swift */,
				D4CFBA0C25CE664800423E61 /* Main.storyboard */,
				D4CFBA1E25CE687000423E61 /* ViewControllers */,
				D4CFBA0F25CE664A00423E61 /* Assets.xcassets */,
				D4CFBA1125CE664A00423E61 /* LaunchScreen.storyboard */,
				D4CFBA1425CE664A00423E61 /* Info.plist */,
				366A96DB25D18885005A6E87 /* Movies.json */,
				366A96D525D174C0005A6E87 /* Keys.swift */,
				366A96D825D183E9005A6E87 /* Helpers.swift */,
			);
			path = MovieTicketBooking;
			sourceTree = "<group>";
		};
		D4CFBA1E25CE687000423E61 /* ViewControllers */ = {
			isa = PBXGroup;
			children = (
				FDA94DFC25CF93FC009F8789 /* TabBarViewController.swift */,
				D4CFBA1C25CE683900423E61 /* MoviesViewController.swift */,
				FDA94DF925CF9350009F8789 /* ProfileViewController.swift */,
				D4CFBA2325CE69A000423E61 /* SignInViewController.swift */,
				D4CFBA2525CE69D300423E61 /* SignUpViewController.swift */,
				D4CFBA2125CE696500423E61 /* BookingListTableViewController.swift */,
				D4CFBA1F25CE68F200423E61 /* SearchViewController.swift */,
				366A96E725D1C003005A6E87 /* MovieInfoViewController.swift */,
			);
			path = ViewControllers;
			sourceTree = "<group>";
		};
		FB4E0470B419C985B5C2C4DD /* Frameworks */ = {
			isa = PBXGroup;
			children = (
				6F7EB8544566735D616BBFB2 /* Pods_MovieTicketBooking.framework */,
			);
			name = Frameworks;
			sourceTree = "<group>";
		};
/* End PBXGroup section */

/* Begin PBXNativeTarget section */
		D4CFBA0225CE664800423E61 /* MovieTicketBooking */ = {
			isa = PBXNativeTarget;
			buildConfigurationList = D4CFBA1725CE664A00423E61 /* Build configuration list for PBXNativeTarget "MovieTicketBooking" */;
			buildPhases = (
				3E07F14F8D56AC1395ADB987 /* [CP] Check Pods Manifest.lock */,
				D4CFB9FF25CE664800423E61 /* Sources */,
				D4CFBA0025CE664800423E61 /* Frameworks */,
				D4CFBA0125CE664800423E61 /* Resources */,
				E38144C3B0321463DB511CDC /* [CP] Embed Pods Frameworks */,
			);
			buildRules = (
			);
			dependencies = (
			);
			name = MovieTicketBooking;
			productName = MovieTicketBooking;
			productReference = D4CFBA0325CE664800423E61 /* MovieTicketBooking.app */;
			productType = "com.apple.product-type.application";
		};
/* End PBXNativeTarget section */

/* Begin PBXProject section */
		D4CFB9FB25CE664800423E61 /* Project object */ = {
			isa = PBXProject;
			attributes = {
				LastSwiftUpdateCheck = 1130;
				LastUpgradeCheck = 1130;
				ORGANIZATIONNAME = JiahuaLi;
				TargetAttributes = {
					D4CFBA0225CE664800423E61 = {
						CreatedOnToolsVersion = 11.3;
					};
				};
			};
			buildConfigurationList = D4CFB9FE25CE664800423E61 /* Build configuration list for PBXProject "MovieTicketBooking" */;
			compatibilityVersion = "Xcode 9.3";
			developmentRegion = en;
			hasScannedForEncodings = 0;
			knownRegions = (
				en,
				Base,
			);
			mainGroup = D4CFB9FA25CE664800423E61;
			productRefGroup = D4CFBA0425CE664800423E61 /* Products */;
			projectDirPath = "";
			projectRoot = "";
			targets = (
				D4CFBA0225CE664800423E61 /* MovieTicketBooking */,
			);
		};
/* End PBXProject section */

/* Begin PBXResourcesBuildPhase section */
		D4CFBA0125CE664800423E61 /* Resources */ = {
			isa = PBXResourcesBuildPhase;
			buildActionMask = 2147483647;
			files = (
				D4CFBA1325CE664A00423E61 /* LaunchScreen.storyboard in Resources */,
				D4CFBA1025CE664A00423E61 /* Assets.xcassets in Resources */,
				366A96DC25D18885005A6E87 /* Movies.json in Resources */,
				D4CFBA0E25CE664800423E61 /* Main.storyboard in Resources */,
			);
			runOnlyForDeploymentPostprocessing = 0;
		};
/* End PBXResourcesBuildPhase section */

/* Begin PBXShellScriptBuildPhase section */
		3E07F14F8D56AC1395ADB987 /* [CP] Check Pods Manifest.lock */ = {
			isa = PBXShellScriptBuildPhase;
			buildActionMask = 2147483647;
			files = (
			);
			inputFileListPaths = (
			);
			inputPaths = (
				"${PODS_PODFILE_DIR_PATH}/Podfile.lock",
				"${PODS_ROOT}/Manifest.lock",
			);
			name = "[CP] Check Pods Manifest.lock";
			outputFileListPaths = (
			);
			outputPaths = (
				"$(DERIVED_FILE_DIR)/Pods-MovieTicketBooking-checkManifestLockResult.txt",
			);
			runOnlyForDeploymentPostprocessing = 0;
			shellPath = /bin/sh;
			shellScript = "diff \"${PODS_PODFILE_DIR_PATH}/Podfile.lock\" \"${PODS_ROOT}/Manifest.lock\" > /dev/null\nif [ $? != 0 ] ; then\n    # print error to STDERR\n    echo \"error: The sandbox is not in sync with the Podfile.lock. Run 'pod install' or update your CocoaPods installation.\" >&2\n    exit 1\nfi\n# This output is used by Xcode 'outputs' to avoid re-running this script phase.\necho \"SUCCESS\" > \"${SCRIPT_OUTPUT_FILE_0}\"\n";
			showEnvVarsInLog = 0;
		};
		E38144C3B0321463DB511CDC /* [CP] Embed Pods Frameworks */ = {
			isa = PBXShellScriptBuildPhase;
			buildActionMask = 2147483647;
			files = (
			);
			inputFileListPaths = (
				"${PODS_ROOT}/Target Support Files/Pods-MovieTicketBooking/Pods-MovieTicketBooking-frameworks-${CONFIGURATION}-input-files.xcfilelist",
			);
			name = "[CP] Embed Pods Frameworks";
			outputFileListPaths = (
				"${PODS_ROOT}/Target Support Files/Pods-MovieTicketBooking/Pods-MovieTicketBooking-frameworks-${CONFIGURATION}-output-files.xcfilelist",
			);
			runOnlyForDeploymentPostprocessing = 0;
			shellPath = /bin/sh;
			shellScript = "\"${PODS_ROOT}/Target Support Files/Pods-MovieTicketBooking/Pods-MovieTicketBooking-frameworks.sh\"\n";
			showEnvVarsInLog = 0;
		};
/* End PBXShellScriptBuildPhase section */

/* Begin PBXSourcesBuildPhase section */
		D4CFB9FF25CE664800423E61 /* Sources */ = {
			isa = PBXSourcesBuildPhase;
			buildActionMask = 2147483647;
			files = (
				366A971825D1E837005A6E87 /* Movie.swift in Sources */,
				366A96D625D174C0005A6E87 /* Keys.swift in Sources */,
				366A96D925D183E9005A6E87 /* Helpers.swift in Sources */,
				D4CFBA0725CE664800423E61 /* AppDelegate.swift in Sources */,
				D4CFBA2625CE69D300423E61 /* SignUpViewController.swift in Sources */,
				366A971F25D1E891005A6E87 /* MovieRootClass.swift in Sources */,
				D4CFBA2225CE696500423E61 /* BookingListTableViewController.swift in Sources */,
				D4CFBA2425CE69A000423E61 /* SignInViewController.swift in Sources */,
				FDA94DFD25CF93FC009F8789 /* TabBarViewController.swift in Sources */,
				366A96E825D1C003005A6E87 /* MovieInfoViewController.swift in Sources */,
				D4CFBA0925CE664800423E61 /* SceneDelegate.swift in Sources */,
				366A972225D20819005A6E87 /* MovieCellSelected.swift in Sources */,
				366A972525D20AD4005A6E87 /* BookingListCell.swift in Sources */,
				366A971D25D1E891005A6E87 /* MovieDate.swift in Sources */,
				366A971E25D1E891005A6E87 /* MovieResult.swift in Sources */,
				D4CFBA2025CE68F200423E61 /* SearchViewController.swift in Sources */,
				FDA94DFA25CF9350009F8789 /* ProfileViewController.swift in Sources */,
				366A96C925D15A44005A6E87 /* MovieCell.swift in Sources */,
				D4CFBA1D25CE683900423E61 /* MoviesViewController.swift in Sources */,
			);
			runOnlyForDeploymentPostprocessing = 0;
		};
/* End PBXSourcesBuildPhase section */

/* Begin PBXVariantGroup section */
		D4CFBA0C25CE664800423E61 /* Main.storyboard */ = {
			isa = PBXVariantGroup;
			children = (
				D4CFBA0D25CE664800423E61 /* Base */,
			);
			name = Main.storyboard;
			sourceTree = "<group>";
		};
		D4CFBA1125CE664A00423E61 /* LaunchScreen.storyboard */ = {
			isa = PBXVariantGroup;
			children = (
				D4CFBA1225CE664A00423E61 /* Base */,
			);
			name = LaunchScreen.storyboard;
			sourceTree = "<group>";
		};
/* End PBXVariantGroup section */

/* Begin XCBuildConfiguration section */
		D4CFBA1525CE664A00423E61 /* Debug */ = {
			isa = XCBuildConfiguration;
			buildSettings = {
				ALWAYS_SEARCH_USER_PATHS = NO;
				CLANG_ANALYZER_NONNULL = YES;
				CLANG_ANALYZER_NUMBER_OBJECT_CONVERSION = YES_AGGRESSIVE;
				CLANG_CXX_LANGUAGE_STANDARD = "gnu++14";
				CLANG_CXX_LIBRARY = "libc++";
				CLANG_ENABLE_MODULES = YES;
				CLANG_ENABLE_OBJC_ARC = YES;
				CLANG_ENABLE_OBJC_WEAK = YES;
				CLANG_WARN_BLOCK_CAPTURE_AUTORELEASING = YES;
				CLANG_WARN_BOOL_CONVERSION = YES;
				CLANG_WARN_COMMA = YES;
				CLANG_WARN_CONSTANT_CONVERSION = YES;
				CLANG_WARN_DEPRECATED_OBJC_IMPLEMENTATIONS = YES;
				CLANG_WARN_DIRECT_OBJC_ISA_USAGE = YES_ERROR;
				CLANG_WARN_DOCUMENTATION_COMMENTS = YES;
				CLANG_WARN_EMPTY_BODY = YES;
				CLANG_WARN_ENUM_CONVERSION = YES;
				CLANG_WARN_INFINITE_RECURSION = YES;
				CLANG_WARN_INT_CONVERSION = YES;
				CLANG_WARN_NON_LITERAL_NULL_CONVERSION = YES;
				CLANG_WARN_OBJC_IMPLICIT_RETAIN_SELF = YES;
				CLANG_WARN_OBJC_LITERAL_CONVERSION = YES;
				CLANG_WARN_OBJC_ROOT_CLASS = YES_ERROR;
				CLANG_WARN_RANGE_LOOP_ANALYSIS = YES;
				CLANG_WARN_STRICT_PROTOTYPES = YES;
				CLANG_WARN_SUSPICIOUS_MOVE = YES;
				CLANG_WARN_UNGUARDED_AVAILABILITY = YES_AGGRESSIVE;
				CLANG_WARN_UNREACHABLE_CODE = YES;
				CLANG_WARN__DUPLICATE_METHOD_MATCH = YES;
				COPY_PHASE_STRIP = NO;
				DEBUG_INFORMATION_FORMAT = dwarf;
				ENABLE_STRICT_OBJC_MSGSEND = YES;
				ENABLE_TESTABILITY = YES;
				GCC_C_LANGUAGE_STANDARD = gnu11;
				GCC_DYNAMIC_NO_PIC = NO;
				GCC_NO_COMMON_BLOCKS = YES;
				GCC_OPTIMIZATION_LEVEL = 0;
				GCC_PREPROCESSOR_DEFINITIONS = (
					"DEBUG=1",
					"$(inherited)",
				);
				GCC_WARN_64_TO_32_BIT_CONVERSION = YES;
				GCC_WARN_ABOUT_RETURN_TYPE = YES_ERROR;
				GCC_WARN_UNDECLARED_SELECTOR = YES;
				GCC_WARN_UNINITIALIZED_AUTOS = YES_AGGRESSIVE;
				GCC_WARN_UNUSED_FUNCTION = YES;
				GCC_WARN_UNUSED_VARIABLE = YES;
				IPHONEOS_DEPLOYMENT_TARGET = 13.2;
				MTL_ENABLE_DEBUG_INFO = INCLUDE_SOURCE;
				MTL_FAST_MATH = YES;
				ONLY_ACTIVE_ARCH = YES;
				SDKROOT = iphoneos;
				SWIFT_ACTIVE_COMPILATION_CONDITIONS = DEBUG;
				SWIFT_OPTIMIZATION_LEVEL = "-Onone";
			};
			name = Debug;
		};
		D4CFBA1625CE664A00423E61 /* Release */ = {
			isa = XCBuildConfiguration;
			buildSettings = {
				ALWAYS_SEARCH_USER_PATHS = NO;
				CLANG_ANALYZER_NONNULL = YES;
				CLANG_ANALYZER_NUMBER_OBJECT_CONVERSION = YES_AGGRESSIVE;
				CLANG_CXX_LANGUAGE_STANDARD = "gnu++14";
				CLANG_CXX_LIBRARY = "libc++";
				CLANG_ENABLE_MODULES = YES;
				CLANG_ENABLE_OBJC_ARC = YES;
				CLANG_ENABLE_OBJC_WEAK = YES;
				CLANG_WARN_BLOCK_CAPTURE_AUTORELEASING = YES;
				CLANG_WARN_BOOL_CONVERSION = YES;
				CLANG_WARN_COMMA = YES;
				CLANG_WARN_CONSTANT_CONVERSION = YES;
				CLANG_WARN_DEPRECATED_OBJC_IMPLEMENTATIONS = YES;
				CLANG_WARN_DIRECT_OBJC_ISA_USAGE = YES_ERROR;
				CLANG_WARN_DOCUMENTATION_COMMENTS = YES;
				CLANG_WARN_EMPTY_BODY = YES;
				CLANG_WARN_ENUM_CONVERSION = YES;
				CLANG_WARN_INFINITE_RECURSION = YES;
				CLANG_WARN_INT_CONVERSION = YES;
				CLANG_WARN_NON_LITERAL_NULL_CONVERSION = YES;
				CLANG_WARN_OBJC_IMPLICIT_RETAIN_SELF = YES;
				CLANG_WARN_OBJC_LITERAL_CONVERSION = YES;
				CLANG_WARN_OBJC_ROOT_CLASS = YES_ERROR;
				CLANG_WARN_RANGE_LOOP_ANALYSIS = YES;
				CLANG_WARN_STRICT_PROTOTYPES = YES;
				CLANG_WARN_SUSPICIOUS_MOVE = YES;
				CLANG_WARN_UNGUARDED_AVAILABILITY = YES_AGGRESSIVE;
				CLANG_WARN_UNREACHABLE_CODE = YES;
				CLANG_WARN__DUPLICATE_METHOD_MATCH = YES;
				COPY_PHASE_STRIP = NO;
				DEBUG_INFORMATION_FORMAT = "dwarf-with-dsym";
				ENABLE_NS_ASSERTIONS = NO;
				ENABLE_STRICT_OBJC_MSGSEND = YES;
				GCC_C_LANGUAGE_STANDARD = gnu11;
				GCC_NO_COMMON_BLOCKS = YES;
				GCC_WARN_64_TO_32_BIT_CONVERSION = YES;
				GCC_WARN_ABOUT_RETURN_TYPE = YES_ERROR;
				GCC_WARN_UNDECLARED_SELECTOR = YES;
				GCC_WARN_UNINITIALIZED_AUTOS = YES_AGGRESSIVE;
				GCC_WARN_UNUSED_FUNCTION = YES;
				GCC_WARN_UNUSED_VARIABLE = YES;
				IPHONEOS_DEPLOYMENT_TARGET = 13.2;
				MTL_ENABLE_DEBUG_INFO = NO;
				MTL_FAST_MATH = YES;
				SDKROOT = iphoneos;
				SWIFT_COMPILATION_MODE = wholemodule;
				SWIFT_OPTIMIZATION_LEVEL = "-O";
				VALIDATE_PRODUCT = YES;
			};
			name = Release;
		};
		D4CFBA1825CE664A00423E61 /* Debug */ = {
			isa = XCBuildConfiguration;
			baseConfigurationReference = 8C08E45CAE0A20DD1D430701 /* Pods-MovieTicketBooking.debug.xcconfig */;
			buildSettings = {
				ASSETCATALOG_COMPILER_APPICON_NAME = AppIcon;
				CODE_SIGN_STYLE = Automatic;
				INFOPLIST_FILE = MovieTicketBooking/Info.plist;
				LD_RUNPATH_SEARCH_PATHS = (
					"$(inherited)",
					"@executable_path/Frameworks",
				);
				PRODUCT_BUNDLE_IDENTIFIER = JiahuaLi.MovieTicketBooking;
				PRODUCT_NAME = "$(TARGET_NAME)";
				SWIFT_VERSION = 5.0;
				TARGETED_DEVICE_FAMILY = "1,2";
			};
			name = Debug;
		};
		D4CFBA1925CE664A00423E61 /* Release */ = {
			isa = XCBuildConfiguration;
			baseConfigurationReference = 6FC95E784BAE8499D81E05D6 /* Pods-MovieTicketBooking.release.xcconfig */;
			buildSettings = {
				ASSETCATALOG_COMPILER_APPICON_NAME = AppIcon;
				CODE_SIGN_STYLE = Automatic;
				INFOPLIST_FILE = MovieTicketBooking/Info.plist;
				LD_RUNPATH_SEARCH_PATHS = (
					"$(inherited)",
					"@executable_path/Frameworks",
				);
				PRODUCT_BUNDLE_IDENTIFIER = JiahuaLi.MovieTicketBooking;
				PRODUCT_NAME = "$(TARGET_NAME)";
				SWIFT_VERSION = 5.0;
				TARGETED_DEVICE_FAMILY = "1,2";
			};
			name = Release;
		};
/* End XCBuildConfiguration section */

/* Begin XCConfigurationList section */
		D4CFB9FE25CE664800423E61 /* Build configuration list for PBXProject "MovieTicketBooking" */ = {
			isa = XCConfigurationList;
			buildConfigurations = (
				D4CFBA1525CE664A00423E61 /* Debug */,
				D4CFBA1625CE664A00423E61 /* Release */,
			);
			defaultConfigurationIsVisible = 0;
			defaultConfigurationName = Release;
		};
		D4CFBA1725CE664A00423E61 /* Build configuration list for PBXNativeTarget "MovieTicketBooking" */ = {
			isa = XCConfigurationList;
			buildConfigurations = (
				D4CFBA1825CE664A00423E61 /* Debug */,
				D4CFBA1925CE664A00423E61 /* Release */,
			);
			defaultConfigurationIsVisible = 0;
			defaultConfigurationName = Release;
		};
/* End XCConfigurationList section */
	};
	rootObject = D4CFB9FB25CE664800423E61 /* Project object */;
}
